{
  "name": "minos-typescript-modules-fixture",
  "version": "1.0.0",
  "lockfileVersion": 3,
  "requires": true,
  "packages": {
    "": {
      "name": "minos-typescript-modules-fixture",
      "version": "1.0.0",
      "workspaces": [
        "packages/*"
      ],
      "devDependencies": {
        "typescript": "5.6.3"
      }
    },
    "node_modules/@minos/greeting-api": {
      "resolved": "packages/api",
      "link": true
    },
    "node_modules/@minos/greeting-app": {
      "resolved": "packages/app",
      "link": true
    },
    "node_modules/typescript": {
      "version": "5.6.3",
      "resolved": "https://registry.npmjs.org/typescript/-/typescript-5.6.3.tgz",
      "integrity": "sha512-hjcS1mhfuyi4WW8IWtjP7brDrG2cuDZukyrYrSauoXGNgx0S7zceP07adYkJycEr56BOUTNPzbInooiN3fn1qw==",
      "dev": true,
      "license": "Apache-2.0",
      "bin": {
        "tsc": "bin/tsc",
        "tsserver": "bin/tsserver"
      },
      "engines": {
        "node": ">=14.17"
      }
    },
    "packages/api": {
      "name": "@minos/greeting-api",
      "version": "1.0.0"
    },
    "packages/app": {
      "name": "@minos/greeting-app",
      "version": "1.0.0",
      "dependencies": {
        "@minos/greeting-api": "1.0.0"
      }
    }
  }
}
